
Microsoft Visual Studio Solution File, Format Version 12.00
# Visual Studio Version 17
VisualStudioVersion = 17.3.32922.545
MinimumVisualStudioVersion = 10.0.40219.1
Project("{FAE04EC0-301F-11D3-BF4B-00C04F79EFBC}") = "Graph-designer", "KLaba1v2\Graph-designer.csproj", "{B33348C7-0EC7-4C93-91AA-984A9ECEC99A}"
EndProject
Global
	GlobalSection(SolutionConfigurationPlatforms) = preSolution
		Debug|Any CPU = Debug|Any CPU
		Release|Any CPU = Release|Any CPU
	EndGlobalSection
	GlobalSection(ProjectConfigurationPlatforms) = postSolution
		{B33348C7-0EC7-4C93-91AA-984A9ECEC99A}.Debug|Any CPU.ActiveCfg = Debug|Any CPU
		{B33348C7-0EC7-4C93-91AA-984A9ECEC99A}.Debug|Any CPU.Build.0 = Debug|Any CPU
		{B33348C7-0EC7-4C93-91AA-984A9ECEC99A}.Release|Any CPU.ActiveCfg = Release|Any CPU
		{B33348C7-0EC7-4C93-91AA-984A9ECEC99A}.Release|Any CPU.Build.0 = Release|Any CPU
	EndGlobalSection
	GlobalSection(SolutionProperties) = preSolution
		HideSolutionNode = FALSE
	EndGlobalSection
	GlobalSection(ExtensibilityGlobals) = postSolution
		SolutionGuid = {D7E9C003-8982-40C2-A2E8-9ED36926F67F}
	EndGlobalSection
EndGlobal
